// !$*UTF8*$!
{
	archiveVersion = 1;
	classes = {
	};
	objectVersion = 50;
	objects = {

/* Begin PBXBuildFile section */
		F4DE10662166ACD0009C9DF3 /* AppDelegate.swift in Sources */ = {isa = PBXBuildFile; fileRef = F4DE10652166ACD0009C9DF3 /* AppDelegate.swift */; };
		F4DE10682166ACD0009C9DF3 /* ViewController.swift in Sources */ = {isa = PBXBuildFile; fileRef = F4DE10672166ACD0009C9DF3 /* ViewController.swift */; };
		F4DE106B2166ACD0009C9DF3 /* Main.storyboard in Resources */ = {isa = PBXBuildFile; fileRef = F4DE10692166ACD0009C9DF3 /* Main.storyboard */; };
		F4DE106E2166ACD0009C9DF3 /* Movs.xcdatamodeld in Sources */ = {isa = PBXBuildFile; fileRef = F4DE106C2166ACD0009C9DF3 /* Movs.xcdatamodeld */; };
		F4DE10702166ACD3009C9DF3 /* Assets.xcassets in Resources */ = {isa = PBXBuildFile; fileRef = F4DE106F2166ACD3009C9DF3 /* Assets.xcassets */; };
		F4DE10732166ACD3009C9DF3 /* LaunchScreen.storyboard in Resources */ = {isa = PBXBuildFile; fileRef = F4DE10712166ACD3009C9DF3 /* LaunchScreen.storyboard */; };
		F4DE107E2166ACD3009C9DF3 /* MovsUITests.swift in Sources */ = {isa = PBXBuildFile; fileRef = F4DE107D2166ACD3009C9DF3 /* MovsUITests.swift */; };
/* End PBXBuildFile section */

/* Begin PBXContainerItemProxy section */
		F4DE107A2166ACD3009C9DF3 /* PBXContainerItemProxy */ = {
			isa = PBXContainerItemProxy;
			containerPortal = F4DE105A2166ACCF009C9DF3 /* Project object */;
			proxyType = 1;
			remoteGlobalIDString = F4DE10612166ACCF009C9DF3;
			remoteInfo = Movs;
		};
/* End PBXContainerItemProxy section */

/* Begin PBXFileReference section */
		F4DE10622166ACCF009C9DF3 /* Movs.app */ = {isa = PBXFileReference; explicitFileType = wrapper.application; includeInIndex = 0; path = Movs.app; sourceTree = BUILT_PRODUCTS_DIR; };
		F4DE10652166ACD0009C9DF3 /* AppDelegate.swift */ = {isa = PBXFileReference; lastKnownFileType = sourcecode.swift; path = AppDelegate.swift; sourceTree = "<group>"; };
		F4DE10672166ACD0009C9DF3 /* ViewController.swift */ = {isa = PBXFileReference; lastKnownFileType = sourcecode.swift; path = ViewController.swift; sourceTree = "<group>"; };
		F4DE106A2166ACD0009C9DF3 /* Base */ = {isa = PBXFileReference; lastKnownFileType = file.storyboard; name = Base; path = Base.lproj/Main.storyboard; sourceTree = "<group>"; };
		F4DE106D2166ACD0009C9DF3 /* Movs.xcdatamodel */ = {isa = PBXFileReference; lastKnownFileType = wrapper.xcdatamodel; path = Movs.xcdatamodel; sourceTree = "<group>"; };
		F4DE106F2166ACD3009C9DF3 /* Assets.xcassets */ = {isa = PBXFileReference; lastKnownFileType = folder.assetcatalog; path = Assets.xcassets; sourceTree = "<group>"; };
		F4DE10722166ACD3009C9DF3 /* Base */ = {isa = PBXFileReference; lastKnownFileType = file.storyboard; name = Base; path = Base.lproj/LaunchScreen.storyboard; sourceTree = "<group>"; };
		F4DE10742166ACD3009C9DF3 /* Info.plist */ = {isa = PBXFileReference; lastKnownFileType = text.plist.xml; path = Info.plist; sourceTree = "<group>"; };
		F4DE10792166ACD3009C9DF3 /* MovsUITests.xctest */ = {isa = PBXFileReference; explicitFileType = wrapper.cfbundle; includeInIndex = 0; path = MovsUITests.xctest; sourceTree = BUILT_PRODUCTS_DIR; };
		F4DE107D2166ACD3009C9DF3 /* MovsUITests.swift */ = {isa = PBXFileReference; lastKnownFileType = sourcecode.swift; path = MovsUITests.swift; sourceTree = "<group>"; };
		F4DE107F2166ACD3009C9DF3 /* Info.plist */ = {isa = PBXFileReference; lastKnownFileType = text.plist.xml; path = Info.plist; sourceTree = "<group>"; };
/* End PBXFileReference section */

/* Begin PBXFrameworksBuildPhase section */
		F4DE105F2166ACCF009C9DF3 /* Frameworks */ = {
			isa = PBXFrameworksBuildPhase;
			buildActionMask = 2147483647;
			files = (
			);
			runOnlyForDeploymentPostprocessing = 0;
		};
		F4DE10762166ACD3009C9DF3 /* Frameworks */ = {
			isa = PBXFrameworksBuildPhase;
			buildActionMask = 2147483647;
			files = (
			);
			runOnlyForDeploymentPostprocessing = 0;
		};
/* End PBXFrameworksBuildPhase section */

/* Begin PBXGroup section */
		F4DE10592166ACCF009C9DF3 = {
			isa = PBXGroup;
			children = (
				F4DE10642166ACD0009C9DF3 /* Movs */,
				F4DE107C2166ACD3009C9DF3 /* MovsUITests */,
				F4DE10632166ACCF009C9DF3 /* Products */,
			);
			sourceTree = "<group>";
		};
		F4DE10632166ACCF009C9DF3 /* Products */ = {
			isa = PBXGroup;
			children = (
				F4DE10622166ACCF009C9DF3 /* Movs.app */,
				F4DE10792166ACD3009C9DF3 /* MovsUITests.xctest */,
			);
			name = Products;
			sourceTree = "<group>";
		};
		F4DE10642166ACD0009C9DF3 /* Movs */ = {
			isa = PBXGroup;
			children = (
				F4DE10652166ACD0009C9DF3 /* AppDelegate.swift */,
				F4DE10672166ACD0009C9DF3 /* ViewController.swift */,
				F4DE10692166ACD0009C9DF3 /* Main.storyboard */,
				F4DE106F2166ACD3009C9DF3 /* Assets.xcassets */,
				F4DE10712166ACD3009C9DF3 /* LaunchScreen.storyboard */,
				F4DE10742166ACD3009C9DF3 /* Info.plist */,
				F4DE106C2166ACD0009C9DF3 /* Movs.xcdatamodeld */,
			);
			path = Movs;
			sourceTree = "<group>";
		};
		F4DE107C2166ACD3009C9DF3 /* MovsUITests */ = {
			isa = PBXGroup;
			children = (
				F4DE107D2166ACD3009C9DF3 /* MovsUITests.swift */,
				F4DE107F2166ACD3009C9DF3 /* Info.plist */,
			);
			path = MovsUITests;
			sourceTree = "<group>";
		};
/* End PBXGroup section */

/* Begin PBXNativeTarget section */
		F4DE10612166ACCF009C9DF3 /* Movs */ = {
			isa = PBXNativeTarget;
			buildConfigurationList = F4DE10822166ACD3009C9DF3 /* Build configuration list for PBXNativeTarget "Movs" */;
			buildPhases = (
				F4DE105E2166ACCF009C9DF3 /* Sources */,
				F4DE105F2166ACCF009C9DF3 /* Frameworks */,
				F4DE10602166ACCF009C9DF3 /* Resources */,
			);
			buildRules = (
			);
			dependencies = (
			);
			name = Movs;
			productName = Movs;
			productReference = F4DE10622166ACCF009C9DF3 /* Movs.app */;
			productType = "com.apple.product-type.application";
		};
		F4DE10782166ACD3009C9DF3 /* MovsUITests */ = {
			isa = PBXNativeTarget;
			buildConfigurationList = F4DE10852166ACD3009C9DF3 /* Build configuration list for PBXNativeTarget "MovsUITests" */;
			buildPhases = (
				F4DE10752166ACD3009C9DF3 /* Sources */,
				F4DE10762166ACD3009C9DF3 /* Frameworks */,
				F4DE10772166ACD3009C9DF3 /* Resources */,
			);
			buildRules = (
			);
			dependencies = (
				F4DE107B2166ACD3009C9DF3 /* PBXTargetDependency */,
			);
			name = MovsUITests;
			productName = MovsUITests;
			productReference = F4DE10792166ACD3009C9DF3 /* MovsUITests.xctest */;
			productType = "com.apple.product-type.bundle.ui-testing";
		};
/* End PBXNativeTarget section */

/* Begin PBXProject section */
		F4DE105A2166ACCF009C9DF3 /* Project object */ = {
			isa = PBXProject;
			attributes = {
				LastSwiftUpdateCheck = 1000;
				LastUpgradeCheck = 1000;
				ORGANIZATIONNAME = "Bruno Correa";
				TargetAttributes = {
					F4DE10612166ACCF009C9DF3 = {
						CreatedOnToolsVersion = 10.0;
					};
					F4DE10782166ACD3009C9DF3 = {
						CreatedOnToolsVersion = 10.0;
						TestTargetID = F4DE10612166ACCF009C9DF3;
					};
				};
			};
			buildConfigurationList = F4DE105D2166ACCF009C9DF3 /* Build configuration list for PBXProject "Movs" */;
			compatibilityVersion = "Xcode 9.3";
			developmentRegion = en;
			hasScannedForEncodings = 0;
			knownRegions = (
				en,
				Base,
			);
			mainGroup = F4DE10592166ACCF009C9DF3;
			productRefGroup = F4DE10632166ACCF009C9DF3 /* Products */;
			projectDirPath = "";
			projectRoot = "";
			targets = (
				F4DE10612166ACCF009C9DF3 /* Movs */,
				F4DE10782166ACD3009C9DF3 /* MovsUITests */,
			);
		};
/* End PBXProject section */

/* Begin PBXResourcesBuildPhase section */
		F4DE10602166ACCF009C9DF3 /* Resources */ = {
			isa = PBXResourcesBuildPhase;
			buildActionMask = 2147483647;
			files = (
				F4DE10732166ACD3009C9DF3 /* LaunchScreen.storyboard in Resources */,
				F4DE10702166ACD3009C9DF3 /* Assets.xcassets in Resources */,
				F4DE106B2166ACD0009C9DF3 /* Main.storyboard in Resources */,
			);
			runOnlyForDeploymentPostprocessing = 0;
		};
		F4DE10772166ACD3009C9DF3 /* Resources */ = {
			isa = PBXResourcesBuildPhase;
			buildActionMask = 2147483647;
			files = (
			);
			runOnlyForDeploymentPostprocessing = 0;
		};
/* End PBXResourcesBuildPhase section */

/* Begin PBXSourcesBuildPhase section */
		F4DE105E2166ACCF009C9DF3 /* Sources */ = {
			isa = PBXSourcesBuildPhase;
			buildActionMask = 2147483647;
			files = (
				F4DE10682166ACD0009C9DF3 /* ViewController.swift in Sources */,
				F4DE106E2166ACD0009C9DF3 /* Movs.xcdatamodeld in Sources */,
				F4DE10662166ACD0009C9DF3 /* AppDelegate.swift in Sources */,
			);
			runOnlyForDeploymentPostprocessing = 0;
		};
		F4DE10752166ACD3009C9DF3 /* Sources */ = {
			isa = PBXSourcesBuildPhase;
			buildActionMask = 2147483647;
			files = (
				F4DE107E2166ACD3009C9DF3 /* MovsUITests.swift in Sources */,
			);
			runOnlyForDeploymentPostprocessing = 0;
		};
/* End PBXSourcesBuildPhase section */

/* Begin PBXTargetDependency section */
		F4DE107B2166ACD3009C9DF3 /* PBXTargetDependency */ = {
			isa = PBXTargetDependency;
			target = F4DE10612166ACCF009C9DF3 /* Movs */;
			targetProxy = F4DE107A2166ACD3009C9DF3 /* PBXContainerItemProxy */;
		};
/* End PBXTargetDependency section */

/* Begin PBXVariantGroup section */
		F4DE10692166ACD0009C9DF3 /* Main.storyboard */ = {
			isa = PBXVariantGroup;
			children = (
				F4DE106A2166ACD0009C9DF3 /* Base */,
			);
			name = Main.storyboard;
			sourceTree = "<group>";
		};
		F4DE10712166ACD3009C9DF3 /* LaunchScreen.storyboard */ = {
			isa = PBXVariantGroup;
			children = (
				F4DE10722166ACD3009C9DF3 /* Base */,
			);
			name = LaunchScreen.storyboard;
			sourceTree = "<group>";
		};
/* End PBXVariantGroup section */

/* Begin XCBuildConfiguration section */
		F4DE10802166ACD3009C9DF3 /* Debug */ = {
			isa = XCBuildConfiguration;
			buildSettings = {
				ALWAYS_SEARCH_USER_PATHS = NO;
				CLANG_ANALYZER_NONNULL = YES;
				CLANG_ANALYZER_NUMBER_OBJECT_CONVERSION = YES_AGGRESSIVE;
				CLANG_CXX_LANGUAGE_STANDARD = "gnu++14";
				CLANG_CXX_LIBRARY = "libc++";
				CLANG_ENABLE_MODULES = YES;
				CLANG_ENABLE_OBJC_ARC = YES;
				CLANG_ENABLE_OBJC_WEAK = YES;
				CLANG_WARN_BLOCK_CAPTURE_AUTORELEASING = YES;
				CLANG_WARN_BOOL_CONVERSION = YES;
				CLANG_WARN_COMMA = YES;
				CLANG_WARN_CONSTANT_CONVERSION = YES;
				CLANG_WARN_DEPRECATED_OBJC_IMPLEMENTATIONS = YES;
				CLANG_WARN_DIRECT_OBJC_ISA_USAGE = YES_ERROR;
				CLANG_WARN_DOCUMENTATION_COMMENTS = YES;
				CLANG_WARN_EMPTY_BODY = YES;
				CLANG_WARN_ENUM_CONVERSION = YES;
				CLANG_WARN_INFINITE_RECURSION = YES;
				CLANG_WARN_INT_CONVERSION = YES;
				CLANG_WARN_NON_LITERAL_NULL_CONVERSION = YES;
				CLANG_WARN_OBJC_IMPLICIT_RETAIN_SELF = YES;
				CLANG_WARN_OBJC_LITERAL_CONVERSION = YES;
				CLANG_WARN_OBJC_ROOT_CLASS = YES_ERROR;
				CLANG_WARN_RANGE_LOOP_ANALYSIS = YES;
				CLANG_WARN_STRICT_PROTOTYPES = YES;
				CLANG_WARN_SUSPICIOUS_MOVE = YES;
				CLANG_WARN_UNGUARDED_AVAILABILITY = YES_AGGRESSIVE;
				CLANG_WARN_UNREACHABLE_CODE = YES;
				CLANG_WARN__DUPLICATE_METHOD_MATCH = YES;
				CODE_SIGN_IDENTITY = "iPhone Developer";
				COPY_PHASE_STRIP = NO;
				DEBUG_INFORMATION_FORMAT = dwarf;
				ENABLE_STRICT_OBJC_MSGSEND = YES;
				ENABLE_TESTABILITY = YES;
				GCC_C_LANGUAGE_STANDARD = gnu11;
				GCC_DYNAMIC_NO_PIC = NO;
				GCC_NO_COMMON_BLOCKS = YES;
				GCC_OPTIMIZATION_LEVEL = 0;
				GCC_PREPROCESSOR_DEFINITIONS = (
					"DEBUG=1",
					"$(inherited)",
				);
				GCC_WARN_64_TO_32_BIT_CONVERSION = YES;
				GCC_WARN_ABOUT_RETURN_TYPE = YES_ERROR;
				GCC_WARN_UNDECLARED_SELECTOR = YES;
				GCC_WARN_UNINITIALIZED_AUTOS = YES_AGGRESSIVE;
				GCC_WARN_UNUSED_FUNCTION = YES;
				GCC_WARN_UNUSED_VARIABLE = YES;
				IPHONEOS_DEPLOYMENT_TARGET = 12.0;
				MTL_ENABLE_DEBUG_INFO = INCLUDE_SOURCE;
				MTL_FAST_MATH = YES;
				ONLY_ACTIVE_ARCH = YES;
				SDKROOT = iphoneos;
				SWIFT_ACTIVE_COMPILATION_CONDITIONS = DEBUG;
				SWIFT_OPTIMIZATION_LEVEL = "-Onone";
			};
			name = Debug;
		};
		F4DE10812166ACD3009C9DF3 /* Release */ = {
			isa = XCBuildConfiguration;
			buildSettings = {
				ALWAYS_SEARCH_USER_PATHS = NO;
				CLANG_ANALYZER_NONNULL = YES;
				CLANG_ANALYZER_NUMBER_OBJECT_CONVERSION = YES_AGGRESSIVE;
				CLANG_CXX_LANGUAGE_STANDARD = "gnu++14";
				CLANG_CXX_LIBRARY = "libc++";
				CLANG_ENABLE_MODULES = YES;
				CLANG_ENABLE_OBJC_ARC = YES;
				CLANG_ENABLE_OBJC_WEAK = YES;
				CLANG_WARN_BLOCK_CAPTURE_AUTORELEASING = YES;
				CLANG_WARN_BOOL_CONVERSION = YES;
				CLANG_WARN_COMMA = YES;
				CLANG_WARN_CONSTANT_CONVERSION = YES;
				CLANG_WARN_DEPRECATED_OBJC_IMPLEMENTATIONS = YES;
				CLANG_WARN_DIRECT_OBJC_ISA_USAGE = YES_ERROR;
				CLANG_WARN_DOCUMENTATION_COMMENTS = YES;
				CLANG_WARN_EMPTY_BODY = YES;
				CLANG_WARN_ENUM_CONVERSION = YES;
				CLANG_WARN_INFINITE_RECURSION = YES;
				CLANG_WARN_INT_CONVERSION = YES;
				CLANG_WARN_NON_LITERAL_NULL_CONVERSION = YES;
				CLANG_WARN_OBJC_IMPLICIT_RETAIN_SELF = YES;
				CLANG_WARN_OBJC_LITERAL_CONVERSION = YES;
				CLANG_WARN_OBJC_ROOT_CLASS = YES_ERROR;
				CLANG_WARN_RANGE_LOOP_ANALYSIS = YES;
				CLANG_WARN_STRICT_PROTOTYPES = YES;
				CLANG_WARN_SUSPICIOUS_MOVE = YES;
				CLANG_WARN_UNGUARDED_AVAILABILITY = YES_AGGRESSIVE;
				CLANG_WARN_UNREACHABLE_CODE = YES;
				CLANG_WARN__DUPLICATE_METHOD_MATCH = YES;
				CODE_SIGN_IDENTITY = "iPhone Developer";
				COPY_PHASE_STRIP = NO;
				DEBUG_INFORMATION_FORMAT = "dwarf-with-dsym";
				ENABLE_NS_ASSERTIONS = NO;
				ENABLE_STRICT_OBJC_MSGSEND = YES;
				GCC_C_LANGUAGE_STANDARD = gnu11;
				GCC_NO_COMMON_BLOCKS = YES;
				GCC_WARN_64_TO_32_BIT_CONVERSION = YES;
				GCC_WARN_ABOUT_RETURN_TYPE = YES_ERROR;
				GCC_WARN_UNDECLARED_SELECTOR = YES;
				GCC_WARN_UNINITIALIZED_AUTOS = YES_AGGRESSIVE;
				GCC_WARN_UNUSED_FUNCTION = YES;
				GCC_WARN_UNUSED_VARIABLE = YES;
				IPHONEOS_DEPLOYMENT_TARGET = 12.0;
				MTL_ENABLE_DEBUG_INFO = NO;
				MTL_FAST_MATH = YES;
				SDKROOT = iphoneos;
				SWIFT_COMPILATION_MODE = wholemodule;
				SWIFT_OPTIMIZATION_LEVEL = "-O";
				VALIDATE_PRODUCT = YES;
			};
			name = Release;
		};
		F4DE10832166ACD3009C9DF3 /* Debug */ = {
			isa = XCBuildConfiguration;
			buildSettings = {
				ASSETCATALOG_COMPILER_APPICON_NAME = AppIcon;
				CODE_SIGN_STYLE = Automatic;
				DEVELOPMENT_TEAM = 8UW672R5KC;
				INFOPLIST_FILE = Movs/Info.plist;
				LD_RUNPATH_SEARCH_PATHS = (
					"$(inherited)",
					"@executable_path/Frameworks",
				);
				PRODUCT_BUNDLE_IDENTIFIER = br.com.Movs;
				PRODUCT_NAME = "$(TARGET_NAME)";
				SWIFT_VERSION = 4.2;
				TARGETED_DEVICE_FAMILY = 1;
			};
			name = Debug;
		};
		F4DE10842166ACD3009C9DF3 /* Release */ = {
			isa = XCBuildConfiguration;
			buildSettings = {
				ASSETCATALOG_COMPILER_APPICON_NAME = AppIcon;
				CODE_SIGN_STYLE = Automatic;
				DEVELOPMENT_TEAM = 8UW672R5KC;
				INFOPLIST_FILE = Movs/Info.plist;
				LD_RUNPATH_SEARCH_PATHS = (
					"$(inherited)",
					"@executable_path/Frameworks",
				);
				PRODUCT_BUNDLE_IDENTIFIER = br.com.Movs;
				PRODUCT_NAME = "$(TARGET_NAME)";
				SWIFT_VERSION = 4.2;
				TARGETED_DEVICE_FAMILY = 1;
			};
			name = Release;
		};
		F4DE10862166ACD3009C9DF3 /* Debug */ = {
			isa = XCBuildConfiguration;
			buildSettings = {
				ALWAYS_EMBED_SWIFT_STANDARD_LIBRARIES = YES;
				CODE_SIGN_STYLE = Automatic;
				DEVELOPMENT_TEAM = 8UW672R5KC;
				INFOPLIST_FILE = MovsUITests/Info.plist;
				LD_RUNPATH_SEARCH_PATHS = (
					"$(inherited)",
					"@executable_path/Frameworks",
					"@loader_path/Frameworks",
				);
				PRODUCT_BUNDLE_IDENTIFIER = br.com.MovsUITests;
				PRODUCT_NAME = "$(TARGET_NAME)";
				SWIFT_VERSION = 4.2;
				TARGETED_DEVICE_FAMILY = "1,2";
				TEST_TARGET_NAME = Movs;
			};
			name = Debug;
		};
		F4DE10872166ACD3009C9DF3 /* Release */ = {
			isa = XCBuildConfiguration;
			buildSettings = {
				ALWAYS_EMBED_SWIFT_STANDARD_LIBRARIES = YES;
				CODE_SIGN_STYLE = Automatic;
				DEVELOPMENT_TEAM = 8UW672R5KC;
				INFOPLIST_FILE = MovsUITests/Info.plist;
				LD_RUNPATH_SEARCH_PATHS = (
					"$(inherited)",
					"@executable_path/Frameworks",
					"@loader_path/Frameworks",
				);
				PRODUCT_BUNDLE_IDENTIFIER = br.com.MovsUITests;
				PRODUCT_NAME = "$(TARGET_NAME)";
				SWIFT_VERSION = 4.2;
				TARGETED_DEVICE_FAMILY = "1,2";
				TEST_TARGET_NAME = Movs;
			};
			name = Release;
		};
/* End XCBuildConfiguration section */

/* Begin XCConfigurationList section */
		F4DE105D2166ACCF009C9DF3 /* Build configuration list for PBXProject "Movs" */ = {
			isa = XCConfigurationList;
			buildConfigurations = (
				F4DE10802166ACD3009C9DF3 /* Debug */,
				F4DE10812166ACD3009C9DF3 /* Release */,
			);
			defaultConfigurationIsVisible = 0;
			defaultConfigurationName = Release;
		};
		F4DE10822166ACD3009C9DF3 /* Build configuration list for PBXNativeTarget "Movs" */ = {
			isa = XCConfigurationList;
			buildConfigurations = (
				F4DE10832166ACD3009C9DF3 /* Debug */,
				F4DE10842166ACD3009C9DF3 /* Release */,
			);
			defaultConfigurationIsVisible = 0;
			defaultConfigurationName = Release;
		};
		F4DE10852166ACD3009C9DF3 /* Build configuration list for PBXNativeTarget "MovsUITests" */ = {
			isa = XCConfigurationList;
			buildConfigurations = (
				F4DE10862166ACD3009C9DF3 /* Debug */,
				F4DE10872166ACD3009C9DF3 /* Release */,
			);
			defaultConfigurationIsVisible = 0;
			defaultConfigurationName = Release;
		};
/* End XCConfigurationList section */

/* Begin XCVersionGroup section */
		F4DE106C2166ACD0009C9DF3 /* Movs.xcdatamodeld */ = {
			isa = XCVersionGroup;
			children = (
				F4DE106D2166ACD0009C9DF3 /* Movs.xcdatamodel */,
			);
			currentVersion = F4DE106D2166ACD0009C9DF3 /* Movs.xcdatamodel */;
			path = Movs.xcdatamodeld;
			sourceTree = "<group>";
			versionGroupType = wrapper.xcdatamodel;
		};
/* End XCVersionGroup section */
	};
	rootObject = F4DE105A2166ACCF009C9DF3 /* Project object */;
}
